
Microsoft Visual Studio Solution File, Format Version 12.00
# Visual Studio Version 17
VisualStudioVersion = 17.4.33213.308
MinimumVisualStudioVersion = 10.0.40219.1
Project("{FAE04EC0-301F-11D3-BF4B-00C04F79EFBC}") = "HelloFromCSharp", "HelloFromCSharp\HelloFromCSharp.csproj", "{F2DE8D53-5913-4F8F-AC94-9B3F699AA941}"
EndProject
Global
	GlobalSection(SolutionConfigurationPlatforms) = preSolution
		Debug|Any CPU = Debug|Any CPU
		Release|Any CPU = Release|Any CPU
	EndGlobalSection
	GlobalSection(ProjectConfigurationPlatforms) = postSolution
		{F2DE8D53-5913-4F8F-AC94-9B3F699AA941}.Debug|Any CPU.ActiveCfg = Debug|Any CPU
		{F2DE8D53-5913-4F8F-AC94-9B3F699AA941}.Debug|Any CPU.Build.0 = Debug|Any CPU
		{F2DE8D53-5913-4F8F-AC94-9B3F699AA941}.Release|Any CPU.ActiveCfg = Release|Any CPU
		{F2DE8D53-5913-4F8F-AC94-9B3F699AA941}.Release|Any CPU.Build.0 = Release|Any CPU
	EndGlobalSection
	GlobalSection(SolutionProperties) = preSolution
		HideSolutionNode = FALSE
	EndGlobalSection
	GlobalSection(ExtensibilityGlobals) = postSolution
		SolutionGuid = {5A96D2A7-1813-4560-B3F2-8B9A273615B2}
	EndGlobalSection
EndGlobal
