
Microsoft Visual Studio Solution File, Format Version 12.00
# Visual Studio Version 17
VisualStudioVersion = 17.4.33213.308
MinimumVisualStudioVersion = 10.0.40219.1
Project("{FAE04EC0-301F-11D3-BF4B-00C04F79EFBC}") = "BethanysPieShopHRM", "BethanysPieShopHRM\BethanysPieShopHRM.csproj", "{2CC40893-4FB4-4587-8B69-B56B31F0EABF}"
EndProject
Global
	GlobalSection(SolutionConfigurationPlatforms) = preSolution
		Debug|Any CPU = Debug|Any CPU
		Release|Any CPU = Release|Any CPU
	EndGlobalSection
	GlobalSection(ProjectConfigurationPlatforms) = postSolution
		{2CC40893-4FB4-4587-8B69-B56B31F0EABF}.Debug|Any CPU.ActiveCfg = Debug|Any CPU
		{2CC40893-4FB4-4587-8B69-B56B31F0EABF}.Debug|Any CPU.Build.0 = Debug|Any CPU
		{2CC40893-4FB4-4587-8B69-B56B31F0EABF}.Release|Any CPU.ActiveCfg = Release|Any CPU
		{2CC40893-4FB4-4587-8B69-B56B31F0EABF}.Release|Any CPU.Build.0 = Release|Any CPU
	EndGlobalSection
	GlobalSection(SolutionProperties) = preSolution
		HideSolutionNode = FALSE
	EndGlobalSection
	GlobalSection(ExtensibilityGlobals) = postSolution
		SolutionGuid = {4E504AAC-47FE-45DF-908F-24E44074F40F}
	EndGlobalSection
EndGlobal
